<?xml version="1.0"?>
<plist version="1.0">
	<dict>
		<key>archiveVersion</key>
		<string>1</string>
		<key>classes</key>
		<dict />
		<key>objectVersion</key>
		<string>46</string>
		<key>objects</key>
		<dict>
			<key>0E5E5B9A56053FC2486C98BC</key>
			<dict>
				<key>explicitFileType</key>
				<string>sourcecode.c.h</string>
				<key>fileEncoding</key>
				<string>30</string>
				<key>isa</key>
				<string>PBXFileReference</string>
				<key>name</key>
				<string>v8stdint.h</string>
				<key>path</key>
				<string>../../../addons/ofxNodejs/libs/node/include/v8stdint.h</string>
				<key>sourceTree</key>
				<string>SOURCE_ROOT</string>
			</dict>
			<key>CAEF6F8499141577C016DBF5</key>
			<dict>
				<key>explicitFileType</key>
				<string>sourcecode.c.h</string>
				<key>fileEncoding</key>
				<string>30</string>
				<key>isa</key>
				<string>PBXFileReference</string>
				<key>name</key>
				<string>v8_typed_array.h</string>
				<key>path</key>
				<string>../../../addons/ofxNodejs/libs/node/include/v8_typed_array.h</string>
				<key>sourceTree</key>
				<string>SOURCE_ROOT</string>
			</dict>
			<key>7782DB25BE916872CA66CF06</key>
			<dict>
				<key>explicitFileType</key>
				<string>sourcecode.c.h</string>
				<key>fileEncoding</key>
				<string>30</string>
				<key>isa</key>
				<string>PBXFileReference</string>
				<key>name</key>
				<string>v8.h</string>
				<key>path</key>
				<string>../../../addons/ofxNodejs/libs/node/include/v8.h</string>
				<key>sourceTree</key>
				<string>SOURCE_ROOT</string>
			</dict>
			<key>FD590B0CD3FE69FE75725B2F</key>
			<dict>
				<key>explicitFileType</key>
				<string>sourcecode.c.h</string>
				<key>fileEncoding</key>
				<string>30</string>
				<key>isa</key>
				<string>PBXFileReference</string>
				<key>name</key>
				<string>v8-testing.h</string>
				<key>path</key>
				<string>../../../addons/ofxNodejs/libs/node/include/v8-testing.h</string>
				<key>sourceTree</key>
				<string>SOURCE_ROOT</string>
			</dict>
			<key>A94140AFBBDC6894CECDAC59</key>
			<dict>
				<key>explicitFileType</key>
				<string>sourcecode.c.h</string>
				<key>fileEncoding</key>
				<string>30</string>
				<key>isa</key>
				<string>PBXFileReference</string>
				<key>name</key>
				<string>v8-profiler.h</string>
				<key>path</key>
				<string>../../../addons/ofxNodejs/libs/node/include/v8-profiler.h</string>
				<key>sourceTree</key>
				<string>SOURCE_ROOT</string>
			</dict>
			<key>39CED9CEDB2A88EFAFA7D918</key>
			<dict>
				<key>explicitFileType</key>
				<string>sourcecode.c.h</string>
				<key>fileEncoding</key>
				<string>30</string>
				<key>isa</key>
				<string>PBXFileReference</string>
				<key>name</key>
				<string>v8-preparser.h</string>
				<key>path</key>
				<string>../../../addons/ofxNodejs/libs/node/include/v8-preparser.h</string>
				<key>sourceTree</key>
				<string>SOURCE_ROOT</string>
			</dict>
			<key>274CF4ECA25EE94FAF406859</key>
			<dict>
				<key>explicitFileType</key>
				<string>sourcecode.c.h</string>
				<key>fileEncoding</key>
				<string>30</string>
				<key>isa</key>
				<string>PBXFileReference</string>
				<key>name</key>
				<string>v8-debug.h</string>
				<key>path</key>
				<string>../../../addons/ofxNodejs/libs/node/include/v8-debug.h</string>
				<key>sourceTree</key>
				<string>SOURCE_ROOT</string>
			</dict>
			<key>3B13D347C294E994D9E5C9D0</key>
			<dict>
				<key>explicitFileType</key>
				<string>sourcecode.c.h</string>
				<key>fileEncoding</key>
				<string>30</string>
				<key>isa</key>
				<string>PBXFileReference</string>
				<key>name</key>
				<string>uv.h</string>
				<key>path</key>
				<string>../../../addons/ofxNodejs/libs/node/include/uv.h</string>
				<key>sourceTree</key>
				<string>SOURCE_ROOT</string>
			</dict>
			<key>E8DCC2D4EEE0381D3C66797E</key>
			<dict>
				<key>explicitFileType</key>
				<string>sourcecode.c.h</string>
				<key>fileEncoding</key>
				<string>30</string>
				<key>isa</key>
				<string>PBXFileReference</string>
				<key>name</key>
				<string>uv-win.h</string>
				<key>path</key>
				<string>../../../addons/ofxNodejs/libs/node/include/uv-private/uv-win.h</string>
				<key>sourceTree</key>
				<string>SOURCE_ROOT</string>
			</dict>
			<key>3E14AA8628D29A4F29589BB4</key>
			<dict>
				<key>explicitFileType</key>
				<string>sourcecode.c.h</string>
				<key>fileEncoding</key>
				<string>30</string>
				<key>isa</key>
				<string>PBXFileReference</string>
				<key>name</key>
				<string>uv-unix.h</string>
				<key>path</key>
				<string>../../../addons/ofxNodejs/libs/node/include/uv-private/uv-unix.h</string>
				<key>sourceTree</key>
				<string>SOURCE_ROOT</string>
			</dict>
			<key>09C3D701AB5B66923BDAA4A6</key>
			<dict>
				<key>explicitFileType</key>
				<string>sourcecode.c.h</string>
				<key>fileEncoding</key>
				<string>30</string>
				<key>isa</key>
				<string>PBXFileReference</string>
				<key>name</key>
				<string>uv-sunos.h</string>
				<key>path</key>
				<string>../../../addons/ofxNodejs/libs/node/include/uv-private/uv-sunos.h</string>
				<key>sourceTree</key>
				<string>SOURCE_ROOT</string>
			</dict>
			<key>31CD0CDB972C0191A0304CAB</key>
			<dict>
				<key>explicitFileType</key>
				<string>sourcecode.c.h</string>
				<key>fileEncoding</key>
				<string>30</string>
				<key>isa</key>
				<string>PBXFileReference</string>
				<key>name</key>
				<string>uv-linux.h</string>
				<key>path</key>
				<string>../../../addons/ofxNodejs/libs/node/include/uv-private/uv-linux.h</string>
				<key>sourceTree</key>
				<string>SOURCE_ROOT</string>
			</dict>
			<key>7321FD3D7EA4EA19B272DFE3</key>
			<dict>
				<key>explicitFileType</key>
				<string>sourcecode.c.h</string>
				<key>fileEncoding</key>
				<string>30</string>
				<key>isa</key>
				<string>PBXFileReference</string>
				<key>name</key>
				<string>uv-darwin.h</string>
				<key>path</key>
				<string>../../../addons/ofxNodejs/libs/node/include/uv-private/uv-darwin.h</string>
				<key>sourceTree</key>
				<string>SOURCE_ROOT</string>
			</dict>
			<key>AB79D5C82F5DD928D85B39A1</key>
			<dict>
				<key>explicitFileType</key>
				<string>sourcecode.c.h</string>
				<key>fileEncoding</key>
				<string>30</string>
				<key>isa</key>
				<string>PBXFileReference</string>
				<key>name</key>
				<string>uv-bsd.h</string>
				<key>path</key>
				<string>../../../addons/ofxNodejs/libs/node/include/uv-private/uv-bsd.h</string>
				<key>sourceTree</key>
				<string>SOURCE_ROOT</string>
			</dict>
			<key>5C1FF4A4B26D2AC4DCFF9081</key>
			<dict>
				<key>explicitFileType</key>
				<string>sourcecode.c.h</string>
				<key>fileEncoding</key>
				<string>30</string>
				<key>isa</key>
				<string>PBXFileReference</string>
				<key>name</key>
				<string>tree.h</string>
				<key>path</key>
				<string>../../../addons/ofxNodejs/libs/node/include/uv-private/tree.h</string>
				<key>sourceTree</key>
				<string>SOURCE_ROOT</string>
			</dict>
			<key>82A26E6CD296256582037A6E</key>
			<dict>
				<key>explicitFileType</key>
				<string>sourcecode.c.h</string>
				<key>fileEncoding</key>
				<string>30</string>
				<key>isa</key>
				<string>PBXFileReference</string>
				<key>name</key>
				<string>stdint-msvc2008.h</string>
				<key>path</key>
				<string>../../../addons/ofxNodejs/libs/node/include/uv-private/stdint-msvc2008.h</string>
				<key>sourceTree</key>
				<string>SOURCE_ROOT</string>
			</dict>
			<key>BF5D26442DF39DC09766C4C6</key>
			<dict>
				<key>children</key>
				<array>
					<string>96534EE19E4834204B963618</string>
					<string>82A26E6CD296256582037A6E</string>
					<string>5C1FF4A4B26D2AC4DCFF9081</string>
					<string>AB79D5C82F5DD928D85B39A1</string>
					<string>7321FD3D7EA4EA19B272DFE3</string>
					<string>31CD0CDB972C0191A0304CAB</string>
					<string>09C3D701AB5B66923BDAA4A6</string>
					<string>3E14AA8628D29A4F29589BB4</string>
					<string>E8DCC2D4EEE0381D3C66797E</string>
				</array>
				<key>isa</key>
				<string>PBXGroup</string>
				<key>name</key>
				<string>uv-private</string>
				<key>sourceTree</key>
				<string>&lt;group&gt;</string>
			</dict>
			<key>96534EE19E4834204B963618</key>
			<dict>
				<key>explicitFileType</key>
				<string>sourcecode.c.h</string>
				<key>fileEncoding</key>
				<string>30</string>
				<key>isa</key>
				<string>PBXFileReference</string>
				<key>name</key>
				<string>ngx-queue.h</string>
				<key>path</key>
				<string>../../../addons/ofxNodejs/libs/node/include/uv-private/ngx-queue.h</string>
				<key>sourceTree</key>
				<string>SOURCE_ROOT</string>
			</dict>
			<key>681724D03265B0F8654289DA</key>
			<dict>
				<key>explicitFileType</key>
				<string>sourcecode.c.h</string>
				<key>fileEncoding</key>
				<string>30</string>
				<key>isa</key>
				<string>PBXFileReference</string>
				<key>name</key>
				<string>x509v3.h</string>
				<key>path</key>
				<string>../../../addons/ofxNodejs/libs/node/include/openssl/x509v3.h</string>
				<key>sourceTree</key>
				<string>SOURCE_ROOT</string>
			</dict>
			<key>634C13F64797DFB757F2101A</key>
			<dict>
				<key>explicitFileType</key>
				<string>sourcecode.c.h</string>
				<key>fileEncoding</key>
				<string>30</string>
				<key>isa</key>
				<string>PBXFileReference</string>
				<key>name</key>
				<string>x509_vfy.h</string>
				<key>path</key>
				<string>../../../addons/ofxNodejs/libs/node/include/openssl/x509_vfy.h</string>
				<key>sourceTree</key>
				<string>SOURCE_ROOT</string>
			</dict>
			<key>478C74A63212BB47BDAF5FB3</key>
			<dict>
				<key>explicitFileType</key>
				<string>sourcecode.c.h</string>
				<key>fileEncoding</key>
				<string>30</string>
				<key>isa</key>
				<string>PBXFileReference</string>
				<key>name</key>
				<string>x509.h</string>
				<key>path</key>
				<string>../../../addons/ofxNodejs/libs/node/include/openssl/x509.h</string>
				<key>sourceTree</key>
				<string>SOURCE_ROOT</string>
			</dict>
			<key>BB95C97AC9C5293D9FAE9491</key>
			<dict>
				<key>explicitFileType</key>
				<string>sourcecode.c.h</string>
				<key>fileEncoding</key>
				<string>30</string>
				<key>isa</key>
				<string>PBXFileReference</string>
				<key>name</key>
				<string>whrlpool.h</string>
				<key>path</key>
				<string>../../../addons/ofxNodejs/libs/node/include/openssl/whrlpool.h</string>
				<key>sourceTree</key>
				<string>SOURCE_ROOT</string>
			</dict>
			<key>194D56EBDA2296E93F115EF3</key>
			<dict>
				<key>explicitFileType</key>
				<string>sourcecode.c.h</string>
				<key>fileEncoding</key>
				<string>30</string>
				<key>isa</key>
				<string>PBXFileReference</string>
				<key>name</key>
				<string>ui_compat.h</string>
				<key>path</key>
				<string>../../../addons/ofxNodejs/libs/node/include/openssl/ui_compat.h</string>
				<key>sourceTree</key>
				<string>SOURCE_ROOT</string>
			</dict>
			<key>5C060A1F9659D4D9A9E82278</key>
			<dict>
				<key>explicitFileType</key>
				<string>sourcecode.c.h</string>
				<key>fileEncoding</key>
				<string>30</string>
				<key>isa</key>
				<string>PBXFileReference</string>
				<key>name</key>
				<string>ui.h</string>
				<key>path</key>
				<string>../../../addons/ofxNodejs/libs/node/include/openssl/ui.h</string>
				<key>sourceTree</key>
				<string>SOURCE_ROOT</string>
			</dict>
			<key>42BE356107E54A11F2AD183E</key>
			<dict>
				<key>explicitFileType</key>
				<string>sourcecode.c.h</string>
				<key>fileEncoding</key>
				<string>30</string>
				<key>isa</key>
				<string>PBXFileReference</string>
				<key>name</key>
				<string>txt_db.h</string>
				<key>path</key>
				<string>../../../addons/ofxNodejs/libs/node/include/openssl/txt_db.h</string>
				<key>sourceTree</key>
				<string>SOURCE_ROOT</string>
			</dict>
			<key>8D68E76F4FCD22444179769C</key>
			<dict>
				<key>explicitFileType</key>
				<string>sourcecode.c.h</string>
				<key>fileEncoding</key>
				<string>30</string>
				<key>isa</key>
				<string>PBXFileReference</string>
				<key>name</key>
				<string>ts.h</string>
				<key>path</key>
				<string>../../../addons/ofxNodejs/libs/node/include/openssl/ts.h</string>
				<key>sourceTree</key>
				<string>SOURCE_ROOT</string>
			</dict>
			<key>182B1055AC1ACF7E1ADDC82C</key>
			<dict>
				<key>explicitFileType</key>
				<string>sourcecode.c.h</string>
				<key>fileEncoding</key>
				<string>30</string>
				<key>isa</key>
				<string>PBXFileReference</string>
				<key>name</key>
				<string>tls1.h</string>
				<key>path</key>
				<string>../../../addons/ofxNodejs/libs/node/include/openssl/tls1.h</string>
				<key>sourceTree</key>
				<string>SOURCE_ROOT</string>
			</dict>
			<key>26A5498FA9F1C996963AB677</key>
			<dict>
				<key>explicitFileType</key>
				<string>sourcecode.c.h</string>
				<key>fileEncoding</key>
				<string>30</string>
				<key>isa</key>
				<string>PBXFileReference</string>
				<key>name</key>
				<string>symhacks.h</string>
				<key>path</key>
				<string>../../../addons/ofxNodejs/libs/node/include/openssl/symhacks.h</string>
				<key>sourceTree</key>
				<string>SOURCE_ROOT</string>
			</dict>
			<key>D0903EB70698CD1FC90B56A3</key>
			<dict>
				<key>explicitFileType</key>
				<string>sourcecode.c.h</string>
				<key>fileEncoding</key>
				<string>30</string>
				<key>isa</key>
				<string>PBXFileReference</string>
				<key>name</key>
				<string>stack.h</string>
				<key>path</key>
				<string>../../../addons/ofxNodejs/libs/node/include/openssl/stack.h</string>
				<key>sourceTree</key>
				<string>SOURCE_ROOT</string>
			</dict>
			<key>2F0883F18FFAE1C7C0057910</key>
			<dict>
				<key>explicitFileType</key>
				<string>sourcecode.c.h</string>
				<key>fileEncoding</key>
				<string>30</string>
				<key>isa</key>
				<string>PBXFileReference</string>
				<key>name</key>
				<string>ssl3.h</string>
				<key>path</key>
				<string>../../../addons/ofxNodejs/libs/node/include/openssl/ssl3.h</string>
				<key>sourceTree</key>
				<string>SOURCE_ROOT</string>
			</dict>
			<key>632E345218EB3EB1AAA6ED9E</key>
			<dict>
				<key>explicitFileType</key>
				<string>sourcecode.c.h</string>
				<key>fileEncoding</key>
				<string>30</string>
				<key>isa</key>
				<string>PBXFileReference</string>
				<key>name</key>
				<string>ssl23.h</string>
				<key>path</key>
				<string>../../../addons/ofxNodejs/libs/node/include/openssl/ssl23.h</string>
				<key>sourceTree</key>
				<string>SOURCE_ROOT</string>
			</dict>
			<key>2FA3670C8B9E67DDECF7E9EA</key>
			<dict>
				<key>explicitFileType</key>
				<string>sourcecode.c.h</string>
				<key>fileEncoding</key>
				<string>30</string>
				<key>isa</key>
				<string>PBXFileReference</string>
				<key>name</key>
				<string>ssl2.h</string>
				<key>path</key>
				<string>../../../addons/ofxNodejs/libs/node/include/openssl/ssl2.h</string>
				<key>sourceTree</key>
				<string>SOURCE_ROOT</string>
			</dict>
			<key>0C8EF3E40BF2C87FAB558848</key>
			<dict>
				<key>explicitFileType</key>
				<string>sourcecode.c.h</string>
				<key>fileEncoding</key>
				<string>30</string>
				<key>isa</key>
				<string>PBXFileReference</string>
				<key>name</key>
				<string>ssl.h</string>
				<key>path</key>
				<string>../../../addons/ofxNodejs/libs/node/include/openssl/ssl.h</string>
				<key>sourceTree</key>
				<string>SOURCE_ROOT</string>
			</dict>
			<key>D10DE8778B9444C42BAB6E11</key>
			<dict>
				<key>explicitFileType</key>
				<string>sourcecode.c.h</string>
				<key>fileEncoding</key>
				<string>30</string>
				<key>isa</key>
				<string>PBXFileReference</string>
				<key>name</key>
				<string>srtp.h</string>
				<key>path</key>
				<string>../../../addons/ofxNodejs/libs/node/include/openssl/srtp.h</string>
				<key>sourceTree</key>
				<string>SOURCE_ROOT</string>
			</dict>
			<key>F2E4EB864CDB579F6E3AA630</key>
			<dict>
				<key>explicitFileType</key>
				<string>sourcecode.c.h</string>
				<key>fileEncoding</key>
				<string>30</string>
				<key>isa</key>
				<string>PBXFileReference</string>
				<key>name</key>
				<string>srp.h</string>
				<key>path</key>
				<string>../../../addons/ofxNodejs/libs/node/include/openssl/srp.h</string>
				<key>sourceTree</key>
				<string>SOURCE_ROOT</string>
			</dict>
			<key>92A77276F92EF6786E709902</key>
			<dict>
				<key>explicitFileType</key>
				<string>sourcecode.c.h</string>
				<key>fileEncoding</key>
				<string>30</string>
				<key>isa</key>
				<string>PBXFileReference</string>
				<key>name</key>
				<string>sha.h</string>
				<key>path</key>
				<string>../../../addons/ofxNodejs/libs/node/include/openssl/sha.h</string>
				<key>sourceTree</key>
				<string>SOURCE_ROOT</string>
			</dict>
			<key>80E73227AD79406EC05837DD</key>
			<dict>
				<key>explicitFileType</key>
				<string>sourcecode.c.h</string>
				<key>fileEncoding</key>
				<string>30</string>
				<key>isa</key>
				<string>PBXFileReference</string>
				<key>name</key>
				<string>seed.h</string>
				<key>path</key>
				<string>../../../addons/ofxNodejs/libs/node/include/openssl/seed.h</string>
				<key>sourceTree</key>
				<string>SOURCE_ROOT</string>
			</dict>
			<key>453D473B658B9B3176830AA1</key>
			<dict>
				<key>explicitFileType</key>
				<string>sourcecode.c.h</string>
				<key>fileEncoding</key>
				<string>30</string>
				<key>isa</key>
				<string>PBXFileReference</string>
				<key>name</key>
				<string>safestack.h</string>
				<key>path</key>
				<string>../../../addons/ofxNodejs/libs/node/include/openssl/safestack.h</string>
				<key>sourceTree</key>
				<string>SOURCE_ROOT</string>
			</dict>
			<key>D572F8ED1A0EDB4E091EFCDE</key>
			<dict>
				<key>explicitFileType</key>
				<string>sourcecode.c.h</string>
				<key>fileEncoding</key>
				<string>30</string>
				<key>isa</key>
				<string>PBXFileReference</string>
				<key>name</key>
				<string>rsa.h</string>
				<key>path</key>
				<string>../../../addons/ofxNodejs/libs/node/include/openssl/rsa.h</string>
				<key>sourceTree</key>
				<string>SOURCE_ROOT</string>
			</dict>
			<key>5E3F4B79ED1320ABF1B91201</key>
			<dict>
				<key>explicitFileType</key>
				<string>sourcecode.c.h</string>
				<key>fileEncoding</key>
				<string>30</string>
				<key>isa</key>
				<string>PBXFileReference</string>
				<key>name</key>
				<string>ripemd.h</string>
				<key>path</key>
				<string>../../../addons/ofxNodejs/libs/node/include/openssl/ripemd.h</string>
				<key>sourceTree</key>
				<string>SOURCE_ROOT</string>
			</dict>
			<key>E977DFF30675FD84232BDAE8</key>
			<dict>
				<key>explicitFileType</key>
				<string>sourcecode.c.h</string>
				<key>fileEncoding</key>
				<string>30</string>
				<key>isa</key>
				<string>PBXFileReference</string>
				<key>name</key>
				<string>rc4.h</string>
				<key>path</key>
				<string>../../../addons/ofxNodejs/libs/node/include/openssl/rc4.h</string>
				<key>sourceTree</key>
				<string>SOURCE_ROOT</string>
			</dict>
			<key>24717F3D2FD22C817A1E6568</key>
			<dict>
				<key>explicitFileType</key>
				<string>sourcecode.c.h</string>
				<key>fileEncoding</key>
				<string>30</string>
				<key>isa</key>
				<string>PBXFileReference</string>
				<key>name</key>
				<string>rc2.h</string>
				<key>path</key>
				<string>../../../addons/ofxNodejs/libs/node/include/openssl/rc2.h</string>
				<key>sourceTree</key>
				<string>SOURCE_ROOT</string>
			</dict>
			<key>A263F2F10ECDDF65BA73DE9A</key>
			<dict>
				<key>explicitFileType</key>
				<string>sourcecode.c.h</string>
				<key>fileEncoding</key>
				<string>30</string>
				<key>isa</key>
				<string>PBXFileReference</string>
				<key>name</key>
				<string>rand.h</string>
				<key>path</key>
				<string>../../../addons/ofxNodejs/libs/node/include/openssl/rand.h</string>
				<key>sourceTree</key>
				<string>SOURCE_ROOT</string>
			</dict>
			<key>5CC769B7315ECEB6831824F7</key>
			<dict>
				<key>explicitFileType</key>
				<string>sourcecode.c.h</string>
				<key>fileEncoding</key>
				<string>30</string>
				<key>isa</key>
				<string>PBXFileReference</string>
				<key>name</key>
				<string>pqueue.h</string>
				<key>path</key>
				<string>../../../addons/ofxNodejs/libs/node/include/openssl/pqueue.h</string>
				<key>sourceTree</key>
				<string>SOURCE_ROOT</string>
			</dict>
			<key>17DA8CDA85C69C57213700A2</key>
			<dict>
				<key>explicitFileType</key>
				<string>sourcecode.c.h</string>
				<key>fileEncoding</key>
				<string>30</string>
				<key>isa</key>
				<string>PBXFileReference</string>
				<key>name</key>
				<string>pkcs7.h</string>
				<key>path</key>
				<string>../../../addons/ofxNodejs/libs/node/include/openssl/pkcs7.h</string>
				<key>sourceTree</key>
				<string>SOURCE_ROOT</string>
			</dict>
			<key>0F7CBB1EFB65B0691B87F953</key>
			<dict>
				<key>explicitFileType</key>
				<string>sourcecode.c.h</string>
				<key>fileEncoding</key>
				<string>30</string>
				<key>isa</key>
				<string>PBXFileReference</string>
				<key>name</key>
				<string>pkcs12.h</string>
				<key>path</key>
				<string>../../../addons/ofxNodejs/libs/node/include/openssl/pkcs12.h</string>
				<key>sourceTree</key>
				<string>SOURCE_ROOT</string>
			</dict>
			<key>592E355154639CEEDAAE64AC</key>
			<dict>
				<key>explicitFileType</key>
				<string>sourcecode.c.h</string>
				<key>fileEncoding</key>
				<string>30</string>
				<key>isa</key>
				<string>PBXFileReference</string>
				<key>name</key>
				<string>pem2.h</string>
				<key>path</key>
				<string>../../../addons/ofxNodejs/libs/node/include/openssl/pem2.h</string>
				<key>sourceTree</key>
				<string>SOURCE_ROOT</string>
			</dict>
			<key>FC3D9C99353DABBC41D43F10</key>
			<dict>
				<key>explicitFileType</key>
				<string>sourcecode.c.h</string>
				<key>fileEncoding</key>
				<string>30</string>
				<key>isa</key>
				<string>PBXFileReference</string>
				<key>name</key>
				<string>pem.h</string>
				<key>path</key>
				<string>../../../addons/ofxNodejs/libs/node/include/openssl/pem.h</string>
				<key>sourceTree</key>
				<string>SOURCE_ROOT</string>
			</dict>
			<key>2FFE20FC4076ED441D1227AE</key>
			<dict>
				<key>explicitFileType</key>
				<string>sourcecode.c.h</string>
				<key>fileEncoding</key>
				<string>30</string>
				<key>isa</key>
				<string>PBXFileReference</string>
				<key>name</key>
				<string>ossl_typ.h</string>
				<key>path</key>
				<string>../../../addons/ofxNodejs/libs/node/include/openssl/ossl_typ.h</string>
				<key>sourceTree</key>
				<string>SOURCE_ROOT</string>
			</dict>
			<key>B1295B586C9A8BA53CECB5EA</key>
			<dict>
				<key>explicitFileType</key>
				<string>sourcecode.c.h</string>
				<key>fileEncoding</key>
				<string>30</string>
				<key>isa</key>
				<string>PBXFileReference</string>
				<key>name</key>
				<string>opensslv.h</string>
				<key>path</key>
				<string>../../../addons/ofxNodejs/libs/node/include/openssl/opensslv.h</string>
				<key>sourceTree</key>
				<string>SOURCE_ROOT</string>
			</dict>
			<key>05E98474DC410F660EF2015A</key>
			<dict>
				<key>explicitFileType</key>
				<string>sourcecode.c.h</string>
				<key>fileEncoding</key>
				<string>30</string>
				<key>isa</key>
				<string>PBXFileReference</string>
				<key>name</key>
				<string>opensslconf.h</string>
				<key>path</key>
				<string>../../../addons/ofxNodejs/libs/node/include/openssl/opensslconf.h</string>
				<key>sourceTree</key>
				<string>SOURCE_ROOT</string>
			</dict>
			<key>642D508635C5CC40FCC6A0FE</key>
			<dict>
				<key>explicitFileType</key>
				<string>sourcecode.c.h</string>
				<key>fileEncoding</key>
				<string>30</string>
				<key>isa</key>
				<string>PBXFileReference</string>
				<key>name</key>
				<string>ocsp.h</string>
				<key>path</key>
				<string>../../../addons/ofxNodejs/libs/node/include/openssl/ocsp.h</string>
				<key>sourceTree</key>
				<string>SOURCE_ROOT</string>
			</dict>
			<key>BA4AD463BA58161D1B3996DD</key>
			<dict>
				<key>explicitFileType</key>
				<string>sourcecode.c.h</string>
				<key>fileEncoding</key>
				<string>30</string>
				<key>isa</key>
				<string>PBXFileReference</string>
				<key>name</key>
				<string>objects.h</string>
				<key>path</key>
				<string>../../../addons/ofxNodejs/libs/node/include/openssl/objects.h</string>
				<key>sourceTree</key>
				<string>SOURCE_ROOT</string>
			</dict>
			<key>9A08D58F7EE1A0AD612887D8</key>
			<dict>
				<key>explicitFileType</key>
				<string>sourcecode.c.h</string>
				<key>fileEncoding</key>
				<string>30</string>
				<key>isa</key>
				<string>PBXFileReference</string>
				<key>name</key>
				<string>obj_mac.h</string>
				<key>path</key>
				<string>../../../addons/ofxNodejs/libs/node/include/openssl/obj_mac.h</string>
				<key>sourceTree</key>
				<string>SOURCE_ROOT</string>
			</dict>
			<key>E44A49278B29FDE17A311188</key>
			<dict>
				<key>explicitFileType</key>
				<string>sourcecode.c.h</string>
				<key>fileEncoding</key>
				<string>30</string>
				<key>isa</key>
				<string>PBXFileReference</string>
				<key>name</key>
				<string>modes.h</string>
				<key>path</key>
				<string>../../../addons/ofxNodejs/libs/node/include/openssl/modes.h</string>
				<key>sourceTree</key>
				<string>SOURCE_ROOT</string>
			</dict>
			<key>AD0F842E8F88C893237507B2</key>
			<dict>
				<key>explicitFileType</key>
				<string>sourcecode.c.h</string>
				<key>fileEncoding</key>
				<string>30</string>
				<key>isa</key>
				<string>PBXFileReference</string>
				<key>name</key>
				<string>mdc2.h</string>
				<key>path</key>
				<string>../../../addons/ofxNodejs/libs/node/include/openssl/mdc2.h</string>
				<key>sourceTree</key>
				<string>SOURCE_ROOT</string>
			</dict>
			<key>42C783224405909E4C867507</key>
			<dict>
				<key>explicitFileType</key>
				<string>sourcecode.c.h</string>
				<key>fileEncoding</key>
				<string>30</string>
				<key>isa</key>
				<string>PBXFileReference</string>
				<key>name</key>
				<string>md5.h</string>
				<key>path</key>
				<string>../../../addons/ofxNodejs/libs/node/include/openssl/md5.h</string>
				<key>sourceTree</key>
				<string>SOURCE_ROOT</string>
			</dict>
			<key>C2B4BDF22B4B01337FA1F88F</key>
			<dict>
				<key>explicitFileType</key>
				<string>sourcecode.c.h</string>
				<key>fileEncoding</key>
				<string>30</string>
				<key>isa</key>
				<string>PBXFileReference</string>
				<key>name</key>
				<string>md4.h</string>
				<key>path</key>
				<string>../../../addons/ofxNodejs/libs/node/include/openssl/md4.h</string>
				<key>sourceTree</key>
				<string>SOURCE_ROOT</string>
			</dict>
			<key>156FC51816D937F138009381</key>
			<dict>
				<key>explicitFileType</key>
				<string>sourcecode.c.h</string>
				<key>fileEncoding</key>
				<string>30</string>
				<key>isa</key>
				<string>PBXFileReference</string>
				<key>name</key>
				<string>lhash.h</string>
				<key>path</key>
				<string>../../../addons/ofxNodejs/libs/node/include/openssl/lhash.h</string>
				<key>sourceTree</key>
				<string>SOURCE_ROOT</string>
			</dict>
			<key>29CBDF410FE34FB21C720401</key>
			<dict>
				<key>explicitFileType</key>
				<string>sourcecode.c.h</string>
				<key>fileEncoding</key>
				<string>30</string>
				<key>isa</key>
				<string>PBXFileReference</string>
				<key>name</key>
				<string>kssl.h</string>
				<key>path</key>
				<string>../../../addons/ofxNodejs/libs/node/include/openssl/kssl.h</string>
				<key>sourceTree</key>
				<string>SOURCE_ROOT</string>
			</dict>
			<key>43600964F6AC4475AF599E90</key>
			<dict>
				<key>explicitFileType</key>
				<string>sourcecode.c.h</string>
				<key>fileEncoding</key>
				<string>30</string>
				<key>isa</key>
				<string>PBXFileReference</string>
				<key>name</key>
				<string>krb5_asn.h</string>
				<key>path</key>
				<string>../../../addons/ofxNodejs/libs/node/include/openssl/krb5_asn.h</string>
				<key>sourceTree</key>
				<string>SOURCE_ROOT</string>
			</dict>
			<key>B0DA952E54B7CAB055A30BAA</key>
			<dict>
				<key>explicitFileType</key>
				<string>sourcecode.c.h</string>
				<key>fileEncoding</key>
				<string>30</string>
				<key>isa</key>
				<string>PBXFileReference</string>
				<key>name</key>
				<string>idea.h</string>
				<key>path</key>
				<string>../../../addons/ofxNodejs/libs/node/include/openssl/idea.h</string>
				<key>sourceTree</key>
				<string>SOURCE_ROOT</string>
			</dict>
			<key>31CD2BBAA954BE67B8C1EFD5</key>
			<dict>
				<key>explicitFileType</key>
				<string>sourcecode.c.h</string>
				<key>fileEncoding</key>
				<string>30</string>
				<key>isa</key>
				<string>PBXFileReference</string>
				<key>name</key>
				<string>hmac.h</string>
				<key>path</key>
				<string>../../../addons/ofxNodejs/libs/node/include/openssl/hmac.h</string>
				<key>sourceTree</key>
				<string>SOURCE_ROOT</string>
			</dict>
			<key>928467DA5FBD9B126EDD2B9A</key>
			<dict>
				<key>explicitFileType</key>
				<string>sourcecode.c.h</string>
				<key>fileEncoding</key>
				<string>30</string>
				<key>isa</key>
				<string>PBXFileReference</string>
				<key>name</key>
				<string>evp.h</string>
				<key>path</key>
				<string>../../../addons/ofxNodejs/libs/node/include/openssl/evp.h</string>
				<key>sourceTree</key>
				<string>SOURCE_ROOT</string>
			</dict>
			<key>B1CF42F9C9883060D87B3CBA</key>
			<dict>
				<key>explicitFileType</key>
				<string>sourcecode.c.h</string>
				<key>fileEncoding</key>
				<string>30</string>
				<key>isa</key>
				<string>PBXFileReference</string>
				<key>name</key>
				<string>err.h</string>
				<key>path</key>
				<string>../../../addons/ofxNodejs/libs/node/include/openssl/err.h</string>
				<key>sourceTree</key>
				<string>SOURCE_ROOT</string>
			</dict>
			<key>334D616C0411D065E39A63A0</key>
			<dict>
				<key>explicitFileType</key>
				<string>sourcecode.c.h</string>
				<key>fileEncoding</key>
				<string>30</string>
				<key>isa</key>
				<string>PBXFileReference</string>
				<key>name</key>
				<string>engine.h</string>
				<key>path</key>
				<string>../../../addons/ofxNodejs/libs/node/include/openssl/engine.h</string>
				<key>sourceTree</key>
				<string>SOURCE_ROOT</string>
			</dict>
			<key>112759A175ED4F2ADED124F2</key>
			<dict>
				<key>explicitFileType</key>
				<string>sourcecode.c.h</string>
				<key>fileEncoding</key>
				<string>30</string>
				<key>isa</key>
				<string>PBXFileReference</string>
				<key>name</key>
				<string>ecdsa.h</string>
				<key>path</key>
				<string>../../../addons/ofxNodejs/libs/node/include/openssl/ecdsa.h</string>
				<key>sourceTree</key>
				<string>SOURCE_ROOT</string>
			</dict>
			<key>8906E17E5E8D289B1F33C9BB</key>
			<dict>
				<key>explicitFileType</key>
				<string>sourcecode.c.h</string>
				<key>fileEncoding</key>
				<string>30</string>
				<key>isa</key>
				<string>PBXFileReference</string>
				<key>name</key>
				<string>ecdh.h</string>
				<key>path</key>
				<string>../../../addons/ofxNodejs/libs/node/include/openssl/ecdh.h</string>
				<key>sourceTree</key>
				<string>SOURCE_ROOT</string>
			</dict>
			<key>2D6EF4097C1B4D4D815285CB</key>
			<dict>
				<key>explicitFileType</key>
				<string>sourcecode.c.h</string>
				<key>fileEncoding</key>
				<string>30</string>
				<key>isa</key>
				<string>PBXFileReference</string>
				<key>name</key>
				<string>ec.h</string>
				<key>path</key>
				<string>../../../addons/ofxNodejs/libs/node/include/openssl/ec.h</string>
				<key>sourceTree</key>
				<string>SOURCE_ROOT</string>
			</dict>
			<key>0733123845219AB04270498E</key>
			<dict>
				<key>explicitFileType</key>
				<string>sourcecode.c.h</string>
				<key>fileEncoding</key>
				<string>30</string>
				<key>isa</key>
				<string>PBXFileReference</string>
				<key>name</key>
				<string>ebcdic.h</string>
				<key>path</key>
				<string>../../../addons/ofxNodejs/libs/node/include/openssl/ebcdic.h</string>
				<key>sourceTree</key>
				<string>SOURCE_ROOT</string>
			</dict>
			<key>E98725EFE41ECCEFC8AC9E42</key>
			<dict>
				<key>explicitFileType</key>
				<string>sourcecode.c.h</string>
				<key>fileEncoding</key>
				<string>30</string>
				<key>isa</key>
				<string>PBXFileReference</string>
				<key>name</key>
				<string>e_os2.h</string>
				<key>path</key>
				<string>../../../addons/ofxNodejs/libs/node/include/openssl/e_os2.h</string>
				<key>sourceTree</key>
				<string>SOURCE_ROOT</string>
			</dict>
			<key>B1FD0A0FF4A0B9594D85D202</key>
			<dict>
				<key>explicitFileType</key>
				<string>sourcecode.c.h</string>
				<key>fileEncoding</key>
				<string>30</string>
				<key>isa</key>
				<string>PBXFileReference</string>
				<key>name</key>
				<string>dtls1.h</string>
				<key>path</key>
				<string>../../../addons/ofxNodejs/libs/node/include/openssl/dtls1.h</string>
				<key>sourceTree</key>
				<string>SOURCE_ROOT</string>
			</dict>
			<key>D79353075962C4C86D7E330E</key>
			<dict>
				<key>explicitFileType</key>
				<string>sourcecode.c.h</string>
				<key>fileEncoding</key>
				<string>30</string>
				<key>isa</key>
				<string>PBXFileReference</string>
				<key>name</key>
				<string>dso.h</string>
				<key>path</key>
				<string>../../../addons/ofxNodejs/libs/node/include/openssl/dso.h</string>
				<key>sourceTree</key>
				<string>SOURCE_ROOT</string>
			</dict>
			<key>07A6F9DDBC721DA4EF8EE4F5</key>
			<dict>
				<key>explicitFileType</key>
				<string>sourcecode.c.h</string>
				<key>fileEncoding</key>
				<string>30</string>
				<key>isa</key>
				<string>PBXFileReference</string>
				<key>name</key>
				<string>dsa.h</string>
				<key>path</key>
				<string>../../../addons/ofxNodejs/libs/node/include/openssl/dsa.h</string>
				<key>sourceTree</key>
				<string>SOURCE_ROOT</string>
			</dict>
			<key>D3989F59AA86E8C8D89B955F</key>
			<dict>
				<key>explicitFileType</key>
				<string>sourcecode.c.h</string>
				<key>fileEncoding</key>
				<string>30</string>
				<key>isa</key>
				<string>PBXFileReference</string>
				<key>name</key>
				<string>dh.h</string>
				<key>path</key>
				<string>../../../addons/ofxNodejs/libs/node/include/openssl/dh.h</string>
				<key>sourceTree</key>
				<string>SOURCE_ROOT</string>
			</dict>
			<key>9BB0307E56AAC5562DC8B162</key>
			<dict>
				<key>explicitFileType</key>
				<string>sourcecode.c.h</string>
				<key>fileEncoding</key>
				<string>30</string>
				<key>isa</key>
				<string>PBXFileReference</string>
				<key>name</key>
				<string>des_old.h</string>
				<key>path</key>
				<string>../../../addons/ofxNodejs/libs/node/include/openssl/des_old.h</string>
				<key>sourceTree</key>
				<string>SOURCE_ROOT</string>
			</dict>
			<key>68D8C53D12FB91757CED0AEB</key>
			<dict>
				<key>explicitFileType</key>
				<string>sourcecode.c.h</string>
				<key>fileEncoding</key>
				<string>30</string>
				<key>isa</key>
				<string>PBXFileReference</string>
				<key>name</key>
				<string>des.h</string>
				<key>path</key>
				<string>../../../addons/ofxNodejs/libs/node/include/openssl/des.h</string>
				<key>sourceTree</key>
				<string>SOURCE_ROOT</string>
			</dict>
			<key>6142C140EA0DED180180DBC2</key>
			<dict>
				<key>explicitFileType</key>
				<string>sourcecode.c.h</string>
				<key>fileEncoding</key>
				<string>30</string>
				<key>isa</key>
				<string>PBXFileReference</string>
				<key>name</key>
				<string>crypto.h</string>
				<key>path</key>
				<string>../../../addons/ofxNodejs/libs/node/include/openssl/crypto.h</string>
				<key>sourceTree</key>
				<string>SOURCE_ROOT</string>
			</dict>
			<key>BE82930379E212624CB0FD95</key>
			<dict>
				<key>explicitFileType</key>
				<string>sourcecode.c.h</string>
				<key>fileEncoding</key>
				<string>30</string>
				<key>isa</key>
				<string>PBXFileReference</string>
				<key>name</key>
				<string>conf_api.h</string>
				<key>path</key>
				<string>../../../addons/ofxNodejs/libs/node/include/openssl/conf_api.h</string>
				<key>sourceTree</key>
				<string>SOURCE_ROOT</string>
			</dict>
			<key>4356364541917640606E580E</key>
			<dict>
				<key>explicitFileType</key>
				<string>sourcecode.c.h</string>
				<key>fileEncoding</key>
				<string>30</string>
				<key>isa</key>
				<string>PBXFileReference</string>
				<key>name</key>
				<string>conf.h</string>
				<key>path</key>
				<string>../../../addons/ofxNodejs/libs/node/include/openssl/conf.h</string>
				<key>sourceTree</key>
				<string>SOURCE_ROOT</string>
			</dict>
			<key>798729BE5972600196DBEA0D</key>
			<dict>
				<key>explicitFileType</key>
				<string>sourcecode.c.h</string>
				<key>fileEncoding</key>
				<string>30</string>
				<key>isa</key>
				<string>PBXFileReference</string>
				<key>name</key>
				<string>comp.h</string>
				<key>path</key>
				<string>../../../addons/ofxNodejs/libs/node/include/openssl/comp.h</string>
				<key>sourceTree</key>
				<string>SOURCE_ROOT</string>
			</dict>
			<key>D17542BFECC99BF7E2A651E9</key>
			<dict>
				<key>explicitFileType</key>
				<string>sourcecode.c.h</string>
				<key>fileEncoding</key>
				<string>30</string>
				<key>isa</key>
				<string>PBXFileReference</string>
				<key>name</key>
				<string>cms.h</string>
				<key>path</key>
				<string>../../../addons/ofxNodejs/libs/node/include/openssl/cms.h</string>
				<key>sourceTree</key>
				<string>SOURCE_ROOT</string>
			</dict>
			<key>2A4BC3080113DC366452DD71</key>
			<dict>
				<key>explicitFileType</key>
				<string>sourcecode.c.h</string>
				<key>fileEncoding</key>
				<string>30</string>
				<key>isa</key>
				<string>PBXFileReference</string>
				<key>name</key>
				<string>cmac.h</string>
				<key>path</key>
				<string>../../../addons/ofxNodejs/libs/node/include/openssl/cmac.h</string>
				<key>sourceTree</key>
				<string>SOURCE_ROOT</string>
			</dict>
			<key>9FE41EB1B842C70BB9447A35</key>
			<dict>
				<key>explicitFileType</key>
				<string>sourcecode.c.h</string>
				<key>fileEncoding</key>
				<string>30</string>
				<key>isa</key>
				<string>PBXFileReference</string>
				<key>name</key>
				<string>cast.h</string>
				<key>path</key>
				<string>../../../addons/ofxNodejs/libs/node/include/openssl/cast.h</string>
				<key>sourceTree</key>
				<string>SOURCE_ROOT</string>
			</dict>
			<key>B4D4B125A5CE28BFC30EBF3F</key>
			<dict>
				<key>explicitFileType</key>
				<string>sourcecode.c.h</string>
				<key>fileEncoding</key>
				<string>30</string>
				<key>isa</key>
				<string>PBXFileReference</string>
				<key>name</key>
				<string>camellia.h</string>
				<key>path</key>
				<string>../../../addons/ofxNodejs/libs/node/include/openssl/camellia.h</string>
				<key>sourceTree</key>
				<string>SOURCE_ROOT</string>
			</dict>
			<key>D90D7AE6BD8A8A9D44FDE5CC</key>
			<dict>
				<key>explicitFileType</key>
				<string>sourcecode.c.h</string>
				<key>fileEncoding</key>
				<string>30</string>
				<key>isa</key>
				<string>PBXFileReference</string>
				<key>name</key>
				<string>buffer.h</string>
				<key>path</key>
				<string>../../../addons/ofxNodejs/libs/node/include/openssl/buffer.h</string>
				<key>sourceTree</key>
				<string>SOURCE_ROOT</string>
			</dict>
			<key>0DD7194EC35C3B70A8D22B3A</key>
			<dict>
				<key>explicitFileType</key>
				<string>sourcecode.c.h</string>
				<key>fileEncoding</key>
				<string>30</string>
				<key>isa</key>
				<string>PBXFileReference</string>
				<key>name</key>
				<string>bn.h</string>
				<key>path</key>
				<string>../../../addons/ofxNodejs/libs/node/include/openssl/bn.h</string>
				<key>sourceTree</key>
				<string>SOURCE_ROOT</string>
			</dict>
			<key>0414658FD6DEAB826DDDC7BE</key>
			<dict>
				<key>explicitFileType</key>
				<string>sourcecode.c.h</string>
				<key>fileEncoding</key>
				<string>30</string>
				<key>isa</key>
				<string>PBXFileReference</string>
				<key>name</key>
				<string>blowfish.h</string>
				<key>path</key>
				<string>../../../addons/ofxNodejs/libs/node/include/openssl/blowfish.h</string>
				<key>sourceTree</key>
				<string>SOURCE_ROOT</string>
			</dict>
			<key>CA5A1E127DA673800A6950BB</key>
			<dict>
				<key>explicitFileType</key>
				<string>sourcecode.c.h</string>
				<key>fileEncoding</key>
				<string>30</string>
				<key>isa</key>
				<string>PBXFileReference</string>
				<key>name</key>
				<string>bio.h</string>
				<key>path</key>
				<string>../../../addons/ofxNodejs/libs/node/include/openssl/bio.h</string>
				<key>sourceTree</key>
				<string>SOURCE_ROOT</string>
			</dict>
			<key>15207D68B11BE97455AE692E</key>
			<dict>
				<key>explicitFileType</key>
				<string>sourcecode.c.h</string>
				<key>fileEncoding</key>
				<string>30</string>
				<key>isa</key>
				<string>PBXFileReference</string>
				<key>name</key>
				<string>asn1t.h</string>
				<key>path</key>
				<string>../../../addons/ofxNodejs/libs/node/include/openssl/asn1t.h</string>
				<key>sourceTree</key>
				<string>SOURCE_ROOT</string>
			</dict>
			<key>214DB6D440527E9F71AD81D8</key>
			<dict>
				<key>explicitFileType</key>
				<string>sourcecode.c.h</string>
				<key>fileEncoding</key>
				<string>30</string>
				<key>isa</key>
				<string>PBXFileReference</string>
				<key>name</key>
				<string>asn1_mac.h</string>
				<key>path</key>
				<string>../../../addons/ofxNodejs/libs/node/include/openssl/asn1_mac.h</string>
				<key>sourceTree</key>
				<string>SOURCE_ROOT</string>
			</dict>
			<key>96114C3C413799DBB382B0C4</key>
			<dict>
				<key>explicitFileType</key>
				<string>sourcecode.c.h</string>
				<key>fileEncoding</key>
				<string>30</string>
				<key>isa</key>
				<string>PBXFileReference</string>
				<key>name</key>
				<string>asn1.h</string>
				<key>path</key>
				<string>../../../addons/ofxNodejs/libs/node/include/openssl/asn1.h</string>
				<key>sourceTree</key>
				<string>SOURCE_ROOT</string>
			</dict>
			<key>ABDA87722CD82EE3957816A2</key>
			<dict>
				<key>children</key>
				<array>
					<string>B2BA0E299FC3AC3346DB200E</string>
					<string>96114C3C413799DBB382B0C4</string>
					<string>214DB6D440527E9F71AD81D8</string>
					<string>15207D68B11BE97455AE692E</string>
					<string>CA5A1E127DA673800A6950BB</string>
					<string>0414658FD6DEAB826DDDC7BE</string>
					<string>0DD7194EC35C3B70A8D22B3A</string>
					<string>D90D7AE6BD8A8A9D44FDE5CC</string>
					<string>B4D4B125A5CE28BFC30EBF3F</string>
					<string>9FE41EB1B842C70BB9447A35</string>
					<string>2A4BC3080113DC366452DD71</string>
					<string>D17542BFECC99BF7E2A651E9</string>
					<string>798729BE5972600196DBEA0D</string>
					<string>4356364541917640606E580E</string>
					<string>BE82930379E212624CB0FD95</string>
					<string>6142C140EA0DED180180DBC2</string>
					<string>68D8C53D12FB91757CED0AEB</string>
					<string>9BB0307E56AAC5562DC8B162</string>
					<string>D3989F59AA86E8C8D89B955F</string>
					<string>07A6F9DDBC721DA4EF8EE4F5</string>
					<string>D79353075962C4C86D7E330E</string>
					<string>B1FD0A0FF4A0B9594D85D202</string>
					<string>E98725EFE41ECCEFC8AC9E42</string>
					<string>0733123845219AB04270498E</string>
					<string>2D6EF4097C1B4D4D815285CB</string>
					<string>8906E17E5E8D289B1F33C9BB</string>
					<string>112759A175ED4F2ADED124F2</string>
					<string>334D616C0411D065E39A63A0</string>
					<string>B1CF42F9C9883060D87B3CBA</string>
					<string>928467DA5FBD9B126EDD2B9A</string>
					<string>31CD2BBAA954BE67B8C1EFD5</string>
					<string>B0DA952E54B7CAB055A30BAA</string>
					<string>43600964F6AC4475AF599E90</string>
					<string>29CBDF410FE34FB21C720401</string>
					<string>156FC51816D937F138009381</string>
					<string>C2B4BDF22B4B01337FA1F88F</string>
					<string>42C783224405909E4C867507</string>
					<string>AD0F842E8F88C893237507B2</string>
					<string>E44A49278B29FDE17A311188</string>
					<string>9A08D58F7EE1A0AD612887D8</string>
					<string>BA4AD463BA58161D1B3996DD</string>
					<string>642D508635C5CC40FCC6A0FE</string>
					<string>05E98474DC410F660EF2015A</string>
					<string>B1295B586C9A8BA53CECB5EA</string>
					<string>2FFE20FC4076ED441D1227AE</string>
					<string>FC3D9C99353DABBC41D43F10</string>
					<string>592E355154639CEEDAAE64AC</string>
					<string>0F7CBB1EFB65B0691B87F953</string>
					<string>17DA8CDA85C69C57213700A2</string>
					<string>5CC769B7315ECEB6831824F7</string>
					<string>A263F2F10ECDDF65BA73DE9A</string>
					<string>24717F3D2FD22C817A1E6568</string>
					<string>E977DFF30675FD84232BDAE8</string>
					<string>5E3F4B79ED1320ABF1B91201</string>
					<string>D572F8ED1A0EDB4E091EFCDE</string>
					<string>453D473B658B9B3176830AA1</string>
					<string>80E73227AD79406EC05837DD</string>
					<string>92A77276F92EF6786E709902</string>
					<string>F2E4EB864CDB579F6E3AA630</string>
					<string>D10DE8778B9444C42BAB6E11</string>
					<string>0C8EF3E40BF2C87FAB558848</string>
					<string>2FA3670C8B9E67DDECF7E9EA</string>
					<string>632E345218EB3EB1AAA6ED9E</string>
					<string>2F0883F18FFAE1C7C0057910</string>
					<string>D0903EB70698CD1FC90B56A3</string>
					<string>26A5498FA9F1C996963AB677</string>
					<string>182B1055AC1ACF7E1ADDC82C</string>
					<string>8D68E76F4FCD22444179769C</string>
					<string>42BE356107E54A11F2AD183E</string>
					<string>5C060A1F9659D4D9A9E82278</string>
					<string>194D56EBDA2296E93F115EF3</string>
					<string>BB95C97AC9C5293D9FAE9491</string>
					<string>478C74A63212BB47BDAF5FB3</string>
					<string>634C13F64797DFB757F2101A</string>
					<string>681724D03265B0F8654289DA</string>
				</array>
				<key>isa</key>
				<string>PBXGroup</string>
				<key>name</key>
				<string>openssl</string>
				<key>sourceTree</key>
				<string>&lt;group&gt;</string>
			</dict>
			<key>B2BA0E299FC3AC3346DB200E</key>
			<dict>
				<key>explicitFileType</key>
				<string>sourcecode.c.h</string>
				<key>fileEncoding</key>
				<string>30</string>
				<key>isa</key>
				<string>PBXFileReference</string>
				<key>name</key>
				<string>aes.h</string>
				<key>path</key>
				<string>../../../addons/ofxNodejs/libs/node/include/openssl/aes.h</string>
				<key>sourceTree</key>
				<string>SOURCE_ROOT</string>
			</dict>
			<key>4E6C966C1C6B050110799B51</key>
			<dict>
				<key>explicitFileType</key>
				<string>sourcecode.c.h</string>
				<key>fileEncoding</key>
				<string>30</string>
				<key>isa</key>
				<string>PBXFileReference</string>
				<key>name</key>
				<string>node_version.h</string>
				<key>path</key>
				<string>../../../addons/ofxNodejs/libs/node/include/node_version.h</string>
				<key>sourceTree</key>
				<string>SOURCE_ROOT</string>
			</dict>
			<key>1141ADDA3C865543CCA0A502</key>
			<dict>
				<key>explicitFileType</key>
				<string>sourcecode.c.h</string>
				<key>fileEncoding</key>
				<string>30</string>
				<key>isa</key>
				<string>PBXFileReference</string>
				<key>name</key>
				<string>node_string.h</string>
				<key>path</key>
				<string>../../../addons/ofxNodejs/libs/node/include/node_string.h</string>
				<key>sourceTree</key>
				<string>SOURCE_ROOT</string>
			</dict>
			<key>8F965B4F0CE2F35535F0BB6D</key>
			<dict>
				<key>explicitFileType</key>
				<string>sourcecode.c.h</string>
				<key>fileEncoding</key>
				<string>30</string>
				<key>isa</key>
				<string>PBXFileReference</string>
				<key>name</key>
				<string>node_stat_watcher.h</string>
				<key>path</key>
				<string>../../../addons/ofxNodejs/libs/node/include/node_stat_watcher.h</string>
				<key>sourceTree</key>
				<string>SOURCE_ROOT</string>
			</dict>
			<key>CA61DA5D88333909E6261498</key>
			<dict>
				<key>explicitFileType</key>
				<string>sourcecode.c.h</string>
				<key>fileEncoding</key>
				<string>30</string>
				<key>isa</key>
				<string>PBXFileReference</string>
				<key>name</key>
				<string>node_object_wrap.h</string>
				<key>path</key>
				<string>../../../addons/ofxNodejs/libs/node/include/node_object_wrap.h</string>
				<key>sourceTree</key>
				<string>SOURCE_ROOT</string>
			</dict>
			<key>8A88CD5C8D322BB9401E4738</key>
			<dict>
				<key>explicitFileType</key>
				<string>sourcecode.c.h</string>
				<key>fileEncoding</key>
				<string>30</string>
				<key>isa</key>
				<string>PBXFileReference</string>
				<key>name</key>
				<string>node_buffer.h</string>
				<key>path</key>
				<string>../../../addons/ofxNodejs/libs/node/include/node_buffer.h</string>
				<key>sourceTree</key>
				<string>SOURCE_ROOT</string>
			</dict>
			<key>83AA44F6E28A44D41565319B</key>
			<dict>
				<key>explicitFileType</key>
				<string>sourcecode.c.h</string>
				<key>fileEncoding</key>
				<string>30</string>
				<key>isa</key>
				<string>PBXFileReference</string>
				<key>name</key>
				<string>node.h</string>
				<key>path</key>
				<string>../../../addons/ofxNodejs/libs/node/include/node.h</string>
				<key>sourceTree</key>
				<string>SOURCE_ROOT</string>
			</dict>
			<key>AB56DBE1C79647DDCAD12074</key>
			<dict>
				<key>explicitFileType</key>
				<string>sourcecode.c.h</string>
				<key>fileEncoding</key>
				<string>30</string>
				<key>isa</key>
				<string>PBXFileReference</string>
				<key>name</key>
				<string>nameser.h</string>
				<key>path</key>
				<string>../../../addons/ofxNodejs/libs/node/include/nameser.h</string>
				<key>sourceTree</key>
				<string>SOURCE_ROOT</string>
			</dict>
			<key>9A89B45336BCDAAA5CDD8C43</key>
			<dict>
				<key>explicitFileType</key>
				<string>sourcecode.c.h</string>
				<key>fileEncoding</key>
				<string>30</string>
				<key>isa</key>
				<string>PBXFileReference</string>
				<key>name</key>
				<string>http_parser.h</string>
				<key>path</key>
				<string>../../../addons/ofxNodejs/libs/node/include/http_parser.h</string>
				<key>sourceTree</key>
				<string>SOURCE_ROOT</string>
			</dict>
			<key>F563BFAB92E7FCD5B8FDC18D</key>
			<dict>
				<key>explicitFileType</key>
				<string>sourcecode.c.h</string>
				<key>fileEncoding</key>
				<string>30</string>
				<key>isa</key>
				<string>PBXFileReference</string>
				<key>name</key>
				<string>ares_version.h</string>
				<key>path</key>
				<string>../../../addons/ofxNodejs/libs/node/include/ares_version.h</string>
				<key>sourceTree</key>
				<string>SOURCE_ROOT</string>
			</dict>
			<key>97F9F1DEBEA2F2995CAF737B</key>
			<dict>
				<key>children</key>
				<array>
					<string>E4C005358E4CF1845BF0044B</string>
					<string>F563BFAB92E7FCD5B8FDC18D</string>
					<string>9A89B45336BCDAAA5CDD8C43</string>
					<string>AB56DBE1C79647DDCAD12074</string>
					<string>83AA44F6E28A44D41565319B</string>
					<string>8A88CD5C8D322BB9401E4738</string>
					<string>CA61DA5D88333909E6261498</string>
					<string>8F965B4F0CE2F35535F0BB6D</string>
					<string>1141ADDA3C865543CCA0A502</string>
					<string>4E6C966C1C6B050110799B51</string>
					<string>ABDA87722CD82EE3957816A2</string>
					<string>BF5D26442DF39DC09766C4C6</string>
					<string>3B13D347C294E994D9E5C9D0</string>
					<string>274CF4ECA25EE94FAF406859</string>
					<string>39CED9CEDB2A88EFAFA7D918</string>
					<string>A94140AFBBDC6894CECDAC59</string>
					<string>FD590B0CD3FE69FE75725B2F</string>
					<string>7782DB25BE916872CA66CF06</string>
					<string>CAEF6F8499141577C016DBF5</string>
					<string>0E5E5B9A56053FC2486C98BC</string>
				</array>
				<key>isa</key>
				<string>PBXGroup</string>
				<key>name</key>
				<string>include</string>
				<key>sourceTree</key>
				<string>&lt;group&gt;</string>
			</dict>
			<key>22A4A2B4EA5D9864531C5B85</key>
			<dict>
				<key>children</key>
				<array>
					<string>97F9F1DEBEA2F2995CAF737B</string>
				</array>
				<key>isa</key>
				<string>PBXGroup</string>
				<key>name</key>
				<string>node</string>
				<key>sourceTree</key>
				<string>&lt;group&gt;</string>
			</dict>
			<key>AA51C95EAB318F1CD60B0ECD</key>
			<dict>
				<key>children</key>
				<array>
					<string>22A4A2B4EA5D9864531C5B85</string>
				</array>
				<key>isa</key>
				<string>PBXGroup</string>
				<key>name</key>
				<string>libs</string>
				<key>sourceTree</key>
				<string>&lt;group&gt;</string>
			</dict>
			<key>E4C005358E4CF1845BF0044B</key>
			<dict>
				<key>explicitFileType</key>
				<string>sourcecode.c.h</string>
				<key>fileEncoding</key>
				<string>30</string>
				<key>isa</key>
				<string>PBXFileReference</string>
				<key>name</key>
				<string>ares.h</string>
				<key>path</key>
				<string>../../../addons/ofxNodejs/libs/node/include/ares.h</string>
				<key>sourceTree</key>
				<string>SOURCE_ROOT</string>
			</dict>
			<key>2FF663BB7166E893F20EE3C4</key>
			<dict>
				<key>explicitFileType</key>
				<string>sourcecode.c.h</string>
				<key>fileEncoding</key>
				<string>30</string>
				<key>isa</key>
				<string>PBXFileReference</string>
				<key>name</key>
				<string>ofxNodejsUtils.h</string>
				<key>path</key>
				<string>../../../addons/ofxNodejs/src/ofxNodejsUtils.h</string>
				<key>sourceTree</key>
				<string>SOURCE_ROOT</string>
			</dict>
			<key>7DDBDA2B1B889DC2146C4CDA</key>
			<dict>
				<key>fileRef</key>
				<string>EFE8905BA43CBF64187D16B6</string>
				<key>isa</key>
				<string>PBXBuildFile</string>
			</dict>
			<key>EFE8905BA43CBF64187D16B6</key>
			<dict>
				<key>explicitFileType</key>
				<string>sourcecode.cpp.cpp</string>
				<key>fileEncoding</key>
				<string>30</string>
				<key>isa</key>
				<string>PBXFileReference</string>
				<key>name</key>
				<string>ofxNodejsUtils.cpp</string>
				<key>path</key>
				<string>../../../addons/ofxNodejs/src/ofxNodejsUtils.cpp</string>
				<key>sourceTree</key>
				<string>SOURCE_ROOT</string>
			</dict>
			<key>A4FDA2CD1E60793F45840298</key>
			<dict>
				<key>explicitFileType</key>
				<string>sourcecode.c.h</string>
				<key>fileEncoding</key>
				<string>30</string>
				<key>isa</key>
				<string>PBXFileReference</string>
				<key>name</key>
				<string>ofxNodejsObject.h</string>
				<key>path</key>
				<string>../../../addons/ofxNodejs/src/ofxNodejsObject.h</string>
				<key>sourceTree</key>
				<string>SOURCE_ROOT</string>
			</dict>
			<key>2DFFBBEB3DA5B88F31E218D3</key>
			<dict>
				<key>fileRef</key>
				<string>C83AB8D86D09D05AC76A6263</string>
				<key>isa</key>
				<string>PBXBuildFile</string>
			</dict>
			<key>C83AB8D86D09D05AC76A6263</key>
			<dict>
				<key>explicitFileType</key>
				<string>sourcecode.cpp.cpp</string>
				<key>fileEncoding</key>
				<string>30</string>
				<key>isa</key>
				<string>PBXFileReference</string>
				<key>name</key>
				<string>ofxNodejsObject.cpp</string>
				<key>path</key>
				<string>../../../addons/ofxNodejs/src/ofxNodejsObject.cpp</string>
				<key>sourceTree</key>
				<string>SOURCE_ROOT</string>
			</dict>
			<key>4E276A33FB70F51A941423A1</key>
			<dict>
				<key>explicitFileType</key>
				<string>sourcecode.c.h</string>
				<key>fileEncoding</key>
				<string>30</string>
				<key>isa</key>
				<string>PBXFileReference</string>
				<key>name</key>
				<string>ofxNodejsFunction.h</string>
				<key>path</key>
				<string>../../../addons/ofxNodejs/src/ofxNodejsFunction.h</string>
				<key>sourceTree</key>
				<string>SOURCE_ROOT</string>
			</dict>
			<key>B16985B0596A75530EA34D8A</key>
			<dict>
				<key>fileRef</key>
				<string>1191B4C8CCBA4713DC67C4E3</string>
				<key>isa</key>
				<string>PBXBuildFile</string>
			</dict>
			<key>1191B4C8CCBA4713DC67C4E3</key>
			<dict>
				<key>explicitFileType</key>
				<string>sourcecode.cpp.cpp</string>
				<key>fileEncoding</key>
				<string>30</string>
				<key>isa</key>
				<string>PBXFileReference</string>
				<key>name</key>
				<string>ofxNodejsFunction.cpp</string>
				<key>path</key>
				<string>../../../addons/ofxNodejs/src/ofxNodejsFunction.cpp</string>
				<key>sourceTree</key>
				<string>SOURCE_ROOT</string>
			</dict>
			<key>6DED4F265B6B04F1A51D8316</key>
			<dict>
				<key>explicitFileType</key>
				<string>sourcecode.c.h</string>
				<key>fileEncoding</key>
				<string>30</string>
				<key>isa</key>
				<string>PBXFileReference</string>
				<key>name</key>
				<string>ofxNodejsConstants.h</string>
				<key>path</key>
				<string>../../../addons/ofxNodejs/src/ofxNodejsConstants.h</string>
				<key>sourceTree</key>
				<string>SOURCE_ROOT</string>
			</dict>
			<key>9CBEE346FB5881D9AD1D7B2E</key>
			<dict>
				<key>explicitFileType</key>
				<string>sourcecode.c.h</string>
				<key>fileEncoding</key>
				<string>30</string>
				<key>isa</key>
				<string>PBXFileReference</string>
				<key>name</key>
				<string>ofxNodejsBinding.h</string>
				<key>path</key>
				<string>../../../addons/ofxNodejs/src/ofxNodejsBinding.h</string>
				<key>sourceTree</key>
				<string>SOURCE_ROOT</string>
			</dict>
			<key>8D12325178920664E2CC8E1C</key>
			<dict>
				<key>explicitFileType</key>
				<string>sourcecode.c.h</string>
				<key>fileEncoding</key>
				<string>30</string>
				<key>isa</key>
				<string>PBXFileReference</string>
				<key>name</key>
				<string>ofxNodejs.h</string>
				<key>path</key>
				<string>../../../addons/ofxNodejs/src/ofxNodejs.h</string>
				<key>sourceTree</key>
				<string>SOURCE_ROOT</string>
			</dict>
			<key>1143034431F2D8F3A2213F9D</key>
			<dict>
				<key>children</key>
				<array>
					<string>BE2380AC53570518B7253782</string>
					<string>8D12325178920664E2CC8E1C</string>
					<string>9CBEE346FB5881D9AD1D7B2E</string>
					<string>6DED4F265B6B04F1A51D8316</string>
					<string>1191B4C8CCBA4713DC67C4E3</string>
					<string>4E276A33FB70F51A941423A1</string>
					<string>C83AB8D86D09D05AC76A6263</string>
					<string>A4FDA2CD1E60793F45840298</string>
					<string>EFE8905BA43CBF64187D16B6</string>
					<string>2FF663BB7166E893F20EE3C4</string>
				</array>
				<key>isa</key>
				<string>PBXGroup</string>
				<key>name</key>
				<string>src</string>
				<key>sourceTree</key>
				<string>&lt;group&gt;</string>
			</dict>
			<key>268AEB43BB83F7DCED93332D</key>
			<dict>
				<key>children</key>
				<array>
					<string>1143034431F2D8F3A2213F9D</string>
					<string>AA51C95EAB318F1CD60B0ECD</string>
				</array>
				<key>isa</key>
				<string>PBXGroup</string>
				<key>name</key>
				<string>ofxNodejs</string>
				<key>sourceTree</key>
				<string>&lt;group&gt;</string>
			</dict>
			<key>F1B3D9B2FCEF95E5FB8610BE</key>
			<dict>
				<key>fileRef</key>
				<string>BE2380AC53570518B7253782</string>
				<key>isa</key>
				<string>PBXBuildFile</string>
			</dict>
			<key>BE2380AC53570518B7253782</key>
			<dict>
				<key>explicitFileType</key>
				<string>sourcecode.cpp.cpp</string>
				<key>fileEncoding</key>
				<string>30</string>
				<key>isa</key>
				<string>PBXFileReference</string>
				<key>name</key>
				<string>ofxNodejs.cpp</string>
				<key>path</key>
				<string>../../../addons/ofxNodejs/src/ofxNodejs.cpp</string>
				<key>sourceTree</key>
				<string>SOURCE_ROOT</string>
			</dict>
			<key>2D129AB0F7D46B8DFCEADEDB</key>
			<dict>
				<key>explicitFileType</key>
				<string>sourcecode.c.h</string>
				<key>fileEncoding</key>
				<string>30</string>
				<key>isa</key>
				<string>PBXFileReference</string>
				<key>name</key>
				<string>testApp.h</string>
				<key>path</key>
				<string>src/testApp.h</string>
				<key>sourceTree</key>
				<string>SOURCE_ROOT</string>
			</dict>
			<key>29D734F0DDECC8C5978185D7</key>
			<dict>
				<key>fileRef</key>
				<string>00A1BFCBB38848AD0E0C8539</string>
				<key>isa</key>
				<string>PBXBuildFile</string>
			</dict>
			<key>00A1BFCBB38848AD0E0C8539</key>
			<dict>
				<key>explicitFileType</key>
				<string>sourcecode.cpp.cpp</string>
				<key>fileEncoding</key>
				<string>30</string>
				<key>isa</key>
				<string>PBXFileReference</string>
				<key>name</key>
				<string>testApp.cpp</string>
				<key>path</key>
				<string>src/testApp.cpp</string>
				<key>sourceTree</key>
				<string>SOURCE_ROOT</string>
			</dict>
			<key>BB4B014C10F69532006C3DED</key>
			<dict>
				<key>children</key>
				<array>
					<string>268AEB43BB83F7DCED93332D</string>
				</array>
				<key>isa</key>
				<string>PBXGroup</string>
				<key>name</key>
				<string>addons</string>
				<key>sourceTree</key>
				<string>&lt;group&gt;</string>
			</dict>
			<key>E4328143138ABC890047C5CB</key>
			<dict>
				<key>isa</key>
				<string>PBXFileReference</string>
				<key>lastKnownFileType</key>
				<string>wrapper.pb-project</string>
				<key>name</key>
				<string>openFrameworksLib.xcodeproj</string>
				<key>path</key>
				<string>../../../libs/openFrameworksCompiled/project/osx/openFrameworksLib.xcodeproj</string>
				<key>sourceTree</key>
				<string>SOURCE_ROOT</string>
			</dict>
			<key>E4328144138ABC890047C5CB</key>
			<dict>
				<key>children</key>
				<array>
					<string>E4328148138ABC890047C5CB</string>
				</array>
				<key>isa</key>
				<string>PBXGroup</string>
				<key>name</key>
				<string>Products</string>
				<key>sourceTree</key>
				<string>&lt;group&gt;</string>
			</dict>
			<key>E4328147138ABC890047C5CB</key>
			<dict>
				<key>containerPortal</key>
				<string>E4328143138ABC890047C5CB</string>
				<key>isa</key>
				<string>PBXContainerItemProxy</string>
				<key>proxyType</key>
				<string>2</string>
				<key>remoteGlobalIDString</key>
				<string>E4B27C1510CBEB8E00536013</string>
				<key>remoteInfo</key>
				<string>openFrameworks</string>
			</dict>
			<key>E4328148138ABC890047C5CB</key>
			<dict>
				<key>fileType</key>
				<string>archive.ar</string>
				<key>isa</key>
				<string>PBXReferenceProxy</string>
				<key>path</key>
				<string>openFrameworksDebug.a</string>
				<key>remoteRef</key>
				<string>E4328147138ABC890047C5CB</string>
				<key>sourceTree</key>
				<string>BUILT_PRODUCTS_DIR</string>
			</dict>
			<key>E4328149138ABC9F0047C5CB</key>
			<dict>
				<key>fileRef</key>
				<string>E4328148138ABC890047C5CB</string>
				<key>isa</key>
				<string>PBXBuildFile</string>
			</dict>
			<key>E4B69B4A0A3A1720003C02F2</key>
			<dict>
				<key>children</key>
				<array>
					<string>E4B6FCAD0C3E899E008CF71C</string>
					<string>E4EB6923138AFD0F00A09F29</string>
					<string>E4B69E1C0A3A1BDC003C02F2</string>
					<string>E4EEC9E9138DF44700A80321</string>
					<string>BB4B014C10F69532006C3DED</string>
					<string>E4B69B5B0A3A1756003C02F2</string>
				</array>
				<key>isa</key>
				<string>PBXGroup</string>
				<key>sourceTree</key>
				<string>&lt;group&gt;</string>
			</dict>
			<key>E4B69B4C0A3A1720003C02F2</key>
			<dict>
				<key>attributes</key>
				<dict>
					<key>LastUpgradeCheck</key>
					<string>0600</string>
				</dict>
				<key>buildConfigurationList</key>
				<string>E4B69B4D0A3A1720003C02F2</string>
				<key>compatibilityVersion</key>
				<string>Xcode 3.2</string>
				<key>developmentRegion</key>
				<string>English</string>
				<key>hasScannedForEncodings</key>
				<string>0</string>
				<key>isa</key>
				<string>PBXProject</string>
				<key>knownRegions</key>
				<array>
					<string>English</string>
					<string>Japanese</string>
					<string>French</string>
					<string>German</string>
				</array>
				<key>mainGroup</key>
				<string>E4B69B4A0A3A1720003C02F2</string>
				<key>productRefGroup</key>
				<string>E4B69B4A0A3A1720003C02F2</string>
				<key>projectDirPath</key>
				<string />
				<key>projectReferences</key>
				<array>
					<dict>
						<key>ProductGroup</key>
						<string>E4328144138ABC890047C5CB</string>
						<key>ProjectRef</key>
						<string>E4328143138ABC890047C5CB</string>
					</dict>
				</array>
				<key>projectRoot</key>
				<string />
				<key>targets</key>
				<array>
					<string>E4B69B5A0A3A1756003C02F2</string>
				</array>
			</dict>
			<key>E4B69B4D0A3A1720003C02F2</key>
			<dict>
				<key>buildConfigurations</key>
				<array>
					<string>E4B69B4E0A3A1720003C02F2</string>
					<string>E4B69B4F0A3A1720003C02F2</string>
				</array>
				<key>defaultConfigurationIsVisible</key>
				<string>0</string>
				<key>defaultConfigurationName</key>
				<string>Release</string>
				<key>isa</key>
				<string>XCConfigurationList</string>
			</dict>
			<key>E4B69B4E0A3A1720003C02F2</key>
			<dict>
				<key>baseConfigurationReference</key>
				<string>E4EB6923138AFD0F00A09F29</string>
				<key>buildSettings</key>
				<dict>
					<key>OTHER_LDFLAGS</key>
					<array>
						<string>$(OF_CORE_FRAMEWORKS) $(OF_CORE_LIBS)</string>
						<string>../../../addons/ofxNodejs/libs/node/lib/osx/libnode.a</string>
					</array>
					<key>HEADER_SEARCH_PATHS</key>
					<array>
						<string>$(OF_CORE_HEADERS)</string>
						<string>../../../addons/ofxNodejs/libs</string>
						<string>../../../addons/ofxNodejs/libs/node</string>
						<string>../../../addons/ofxNodejs/libs/node/include</string>
						<string>../../../addons/ofxNodejs/libs/node/include/openssl</string>
						<string>../../../addons/ofxNodejs/libs/node/include/uv-private</string>
						<string>../../../addons/ofxNodejs/libs/node/lib</string>
						<string>../../../addons/ofxNodejs/libs/node/lib/osx</string>
						<string>../../../addons/ofxNodejs/src</string>
						<string>../../../addons/libs</string>
						<string>../../../addons/src</string>
						<string>src</string>
					</array>
					<key>CONFIGURATION_BUILD_DIR</key>
					<string>$(SRCROOT)/bin/</string>
					<key>COPY_PHASE_STRIP</key>
					<string>NO</string>
					<key>DEAD_CODE_STRIPPING</key>
					<string>YES</string>
					<key>GCC_AUTO_VECTORIZATION</key>
					<string>YES</string>
					<key>GCC_ENABLE_SSE3_EXTENSIONS</key>
					<string>YES</string>
					<key>GCC_ENABLE_SUPPLEMENTAL_SSE3_INSTRUCTIONS</key>
					<string>YES</string>
					<key>GCC_INLINES_ARE_PRIVATE_EXTERN</key>
					<string>NO</string>
					<key>GCC_OPTIMIZATION_LEVEL</key>
					<string>0</string>
					<key>GCC_SYMBOLS_PRIVATE_EXTERN</key>
					<string>NO</string>
					<key>GCC_WARN_ABOUT_DEPRECATED_FUNCTIONS</key>
					<string>YES</string>
					<key>GCC_WARN_ABOUT_INVALID_OFFSETOF_MACRO</key>
					<string>NO</string>
					<key>GCC_WARN_ALLOW_INCOMPLETE_PROTOCOL</key>
					<string>NO</string>
					<key>GCC_WARN_UNINITIALIZED_AUTOS</key>
					<string>NO</string>
					<key>GCC_WARN_UNUSED_VALUE</key>
					<string>NO</string>
					<key>GCC_WARN_UNUSED_VARIABLE</key>
					<string>NO</string>
					<key>MACOSX_DEPLOYMENT_TARGET</key>
					<string>10.8</string>
					<key>ONLY_ACTIVE_ARCH</key>
					<string>YES</string>
					<key>OTHER_CPLUSPLUSFLAGS</key>
					<array>
						<string>-D__MACOSX_CORE__</string>
						<string>-mtune=native</string>
					</array>
					<key>SDKROOT</key>
					<string>macosx</string>
				</dict>
				<key>isa</key>
				<string>XCBuildConfiguration</string>
				<key>name</key>
				<string>Debug</string>
			</dict>
			<key>E4B69B4F0A3A1720003C02F2</key>
			<dict>
				<key>baseConfigurationReference</key>
				<string>E4EB6923138AFD0F00A09F29</string>
				<key>buildSettings</key>
				<dict>
					<key>OTHER_LDFLAGS</key>
					<array>
						<string>$(OF_CORE_FRAMEWORKS) $(OF_CORE_LIBS)</string>
						<string>../../../addons/ofxNodejs/libs/node/lib/osx/libnode.a</string>
					</array>
					<key>HEADER_SEARCH_PATHS</key>
					<array>
						<string>$(OF_CORE_HEADERS)</string>
						<string>../../../addons/ofxNodejs/libs</string>
						<string>../../../addons/ofxNodejs/libs/node</string>
						<string>../../../addons/ofxNodejs/libs/node/include</string>
						<string>../../../addons/ofxNodejs/libs/node/include/openssl</string>
						<string>../../../addons/ofxNodejs/libs/node/include/uv-private</string>
						<string>../../../addons/ofxNodejs/libs/node/lib</string>
						<string>../../../addons/ofxNodejs/libs/node/lib/osx</string>
						<string>../../../addons/ofxNodejs/src</string>
						<string>../../../addons/libs</string>
						<string>../../../addons/src</string>
						<string>src</string>
					</array>
					<key>CONFIGURATION_BUILD_DIR</key>
					<string>$(SRCROOT)/bin/</string>
					<key>COPY_PHASE_STRIP</key>
					<string>YES</string>
					<key>DEAD_CODE_STRIPPING</key>
					<string>YES</string>
					<key>GCC_AUTO_VECTORIZATION</key>
					<string>YES</string>
					<key>GCC_ENABLE_SSE3_EXTENSIONS</key>
					<string>YES</string>
					<key>GCC_ENABLE_SUPPLEMENTAL_SSE3_INSTRUCTIONS</key>
					<string>YES</string>
					<key>GCC_INLINES_ARE_PRIVATE_EXTERN</key>
					<string>NO</string>
					<key>GCC_OPTIMIZATION_LEVEL</key>
					<string>3</string>
					<key>GCC_SYMBOLS_PRIVATE_EXTERN</key>
					<string>NO</string>
					<key>GCC_UNROLL_LOOPS</key>
					<string>YES</string>
					<key>GCC_WARN_ABOUT_DEPRECATED_FUNCTIONS</key>
					<string>YES</string>
					<key>GCC_WARN_ABOUT_INVALID_OFFSETOF_MACRO</key>
					<string>NO</string>
					<key>GCC_WARN_ALLOW_INCOMPLETE_PROTOCOL</key>
					<string>NO</string>
					<key>GCC_WARN_UNINITIALIZED_AUTOS</key>
					<string>NO</string>
					<key>GCC_WARN_UNUSED_VALUE</key>
					<string>NO</string>
					<key>GCC_WARN_UNUSED_VARIABLE</key>
					<string>NO</string>
					<key>MACOSX_DEPLOYMENT_TARGET</key>
					<string>10.8</string>
					<key>OTHER_CPLUSPLUSFLAGS</key>
					<array>
						<string>-D__MACOSX_CORE__</string>
						<string>-mtune=native</string>
					</array>
					<key>SDKROOT</key>
					<string>macosx</string>
				</dict>
				<key>isa</key>
				<string>XCBuildConfiguration</string>
				<key>name</key>
				<string>Release</string>
			</dict>
			<key>E4B69B580A3A1756003C02F2</key>
			<dict>
				<key>buildActionMask</key>
				<string>2147483647</string>
				<key>files</key>
				<array>
					<string>E4B69E200A3A1BDC003C02F2</string>
					<string>E4B69E210A3A1BDC003C02F2</string>
					<string>29D734F0DDECC8C5978185D7</string>
					<string>F1B3D9B2FCEF95E5FB8610BE</string>
					<string>B16985B0596A75530EA34D8A</string>
					<string>2DFFBBEB3DA5B88F31E218D3</string>
					<string>7DDBDA2B1B889DC2146C4CDA</string>
				</array>
				<key>isa</key>
				<string>PBXSourcesBuildPhase</string>
				<key>runOnlyForDeploymentPostprocessing</key>
				<string>0</string>
			</dict>
			<key>E4B69B590A3A1756003C02F2</key>
			<dict>
				<key>buildActionMask</key>
				<string>2147483647</string>
				<key>files</key>
				<array>
					<string>E4328149138ABC9F0047C5CB</string>
				</array>
				<key>isa</key>
				<string>PBXFrameworksBuildPhase</string>
				<key>runOnlyForDeploymentPostprocessing</key>
				<string>0</string>
			</dict>
			<key>E4B69B5A0A3A1756003C02F2</key>
			<dict>
				<key>buildConfigurationList</key>
				<string>E4B69B5F0A3A1757003C02F2</string>
				<key>buildPhases</key>
				<array>
					<string>E4B69B580A3A1756003C02F2</string>
					<string>E4B69B590A3A1756003C02F2</string>
					<string>E4B6FFFD0C3F9AB9008CF71C</string>
					<string>E4C2427710CC5ABF004149E2</string>
				</array>
				<key>buildRules</key>
				<array />
				<key>dependencies</key>
				<array>
					<string>E4EEB9AC138B136A00A80321</string>
				</array>
				<key>isa</key>
				<string>PBXNativeTarget</string>
				<key>name</key>
				<string>example-binding</string>
				<key>productName</key>
				<string>myOFApp</string>
				<key>productReference</key>
				<string>E4B69B5B0A3A1756003C02F2</string>
				<key>productType</key>
				<string>com.apple.product-type.application</string>
			</dict>
			<key>E4B69B5B0A3A1756003C02F2</key>
			<dict>
				<key>explicitFileType</key>
				<string>wrapper.application</string>
				<key>includeInIndex</key>
				<string>0</string>
				<key>isa</key>
				<string>PBXFileReference</string>
				<key>path</key>
				<string>example-bindingDebug.app</string>
				<key>sourceTree</key>
				<string>BUILT_PRODUCTS_DIR</string>
			</dict>
			<key>E4B69B5F0A3A1757003C02F2</key>
			<dict>
				<key>buildConfigurations</key>
				<array>
					<string>E4B69B600A3A1757003C02F2</string>
					<string>E4B69B610A3A1757003C02F2</string>
				</array>
				<key>defaultConfigurationIsVisible</key>
				<string>0</string>
				<key>defaultConfigurationName</key>
				<string>Release</string>
				<key>isa</key>
				<string>XCConfigurationList</string>
			</dict>
			<key>E4B69B600A3A1757003C02F2</key>
			<dict>
				<key>baseConfigurationReference</key>
				<string>E4EB6923138AFD0F00A09F29</string>
				<key>buildSettings</key>
				<dict>
					<key>OTHER_LDFLAGS</key>
					<array>
						<string>$(OF_CORE_FRAMEWORKS) $(OF_CORE_LIBS)</string>
						<string>../../../addons/ofxNodejs/libs/node/lib/osx/libnode.a</string>
					</array>
					<key>HEADER_SEARCH_PATHS</key>
					<array>
						<string>$(OF_CORE_HEADERS)</string>
						<string>../../../addons/ofxNodejs/libs</string>
						<string>../../../addons/ofxNodejs/libs/node</string>
						<string>../../../addons/ofxNodejs/libs/node/include</string>
						<string>../../../addons/ofxNodejs/libs/node/include/openssl</string>
						<string>../../../addons/ofxNodejs/libs/node/include/uv-private</string>
						<string>../../../addons/ofxNodejs/libs/node/lib</string>
						<string>../../../addons/ofxNodejs/libs/node/lib/osx</string>
						<string>../../../addons/ofxNodejs/src</string>
						<string>../../../addons/libs</string>
						<string>../../../addons/src</string>
						<string>src</string>
					</array>
					<key>COMBINE_HIDPI_IMAGES</key>
					<string>YES</string>
					<key>COPY_PHASE_STRIP</key>
					<string>NO</string>
					<key>FRAMEWORK_SEARCH_PATHS</key>
					<array>
						<string>$(inherited)</string>
						<string>$(FRAMEWORK_SEARCH_PATHS_QUOTED_FOR_TARGET_1)</string>
					</array>
					<key>FRAMEWORK_SEARCH_PATHS_QUOTED_FOR_TARGET_1</key>
					<string>"$(SRCROOT)/../../../libs/glut/lib/osx"</string>
					<key>GCC_DYNAMIC_NO_PIC</key>
					<string>NO</string>
					<key>GCC_GENERATE_DEBUGGING_SYMBOLS</key>
					<string>YES</string>
					<key>GCC_MODEL_TUNING</key>
					<string>NONE</string>
					<key>ICON</key>
					<string>$(ICON_NAME_DEBUG)</string>
					<key>ICON_FILE</key>
					<string>$(ICON_FILE_PATH)$(ICON)</string>
					<key>INFOPLIST_FILE</key>
					<string>openFrameworks-Info.plist</string>
					<key>INSTALL_PATH</key>
					<string>$(HOME)/Applications</string>
					<key>LIBRARY_SEARCH_PATHS</key>
					<string>$(inherited)</string>
					<key>PRODUCT_NAME</key>
					<string>$(TARGET_NAME)Debug</string>
					<key>WRAPPER_EXTENSION</key>
					<string>app</string>
				</dict>
				<key>isa</key>
				<string>XCBuildConfiguration</string>
				<key>name</key>
				<string>Debug</string>
			</dict>
			<key>E4B69B610A3A1757003C02F2</key>
			<dict>
				<key>baseConfigurationReference</key>
				<string>E4EB6923138AFD0F00A09F29</string>
				<key>buildSettings</key>
				<dict>
					<key>OTHER_LDFLAGS</key>
					<array>
						<string>$(OF_CORE_FRAMEWORKS) $(OF_CORE_LIBS)</string>
						<string>../../../addons/ofxNodejs/libs/node/lib/osx/libnode.a</string>
					</array>
					<key>HEADER_SEARCH_PATHS</key>
					<array>
						<string>$(OF_CORE_HEADERS)</string>
						<string>../../../addons/ofxNodejs/libs</string>
						<string>../../../addons/ofxNodejs/libs/node</string>
						<string>../../../addons/ofxNodejs/libs/node/include</string>
						<string>../../../addons/ofxNodejs/libs/node/include/openssl</string>
						<string>../../../addons/ofxNodejs/libs/node/include/uv-private</string>
						<string>../../../addons/ofxNodejs/libs/node/lib</string>
						<string>../../../addons/ofxNodejs/libs/node/lib/osx</string>
						<string>../../../addons/ofxNodejs/src</string>
						<string>../../../addons/libs</string>
						<string>../../../addons/src</string>
						<string>src</string>
					</array>
					<key>COMBINE_HIDPI_IMAGES</key>
					<string>YES</string>
					<key>COPY_PHASE_STRIP</key>
					<string>YES</string>
					<key>FRAMEWORK_SEARCH_PATHS</key>
					<array>
						<string>$(inherited)</string>
						<string>$(FRAMEWORK_SEARCH_PATHS_QUOTED_FOR_TARGET_1)</string>
					</array>
					<key>FRAMEWORK_SEARCH_PATHS_QUOTED_FOR_TARGET_1</key>
					<string>"$(SRCROOT)/../../../libs/glut/lib/osx"</string>
					<key>GCC_GENERATE_DEBUGGING_SYMBOLS</key>
					<string>YES</string>
					<key>GCC_MODEL_TUNING</key>
					<string>NONE</string>
					<key>ICON</key>
					<string>$(ICON_NAME_RELEASE)</string>
					<key>ICON_FILE</key>
					<string>$(ICON_FILE_PATH)$(ICON)</string>
					<key>INFOPLIST_FILE</key>
					<string>openFrameworks-Info.plist</string>
					<key>INSTALL_PATH</key>
					<string>$(HOME)/Applications</string>
					<key>LIBRARY_SEARCH_PATHS</key>
					<string>$(inherited)</string>
					<key>PRODUCT_NAME</key>
					<string>$(TARGET_NAME)</string>
					<key>WRAPPER_EXTENSION</key>
					<string>app</string>
					<key>baseConfigurationReference</key>
					<string>E4EB6923138AFD0F00A09F29</string>
				</dict>
				<key>isa</key>
				<string>XCBuildConfiguration</string>
				<key>name</key>
				<string>Release</string>
			</dict>
			<key>E4B69E1C0A3A1BDC003C02F2</key>
			<dict>
				<key>children</key>
				<array>
					<string>E4B69E1D0A3A1BDC003C02F2</string>
					<string>E4B69E1E0A3A1BDC003C02F2</string>
					<string>E4B69E1F0A3A1BDC003C02F2</string>
					<string>00A1BFCBB38848AD0E0C8539</string>
					<string>2D129AB0F7D46B8DFCEADEDB</string>
				</array>
				<key>isa</key>
				<string>PBXGroup</string>
				<key>path</key>
				<string>src</string>
				<key>sourceTree</key>
				<string>SOURCE_ROOT</string>
			</dict>
			<key>E4B69E1D0A3A1BDC003C02F2</key>
			<dict>
				<key>fileEncoding</key>
				<string>30</string>
				<key>isa</key>
				<string>PBXFileReference</string>
				<key>lastKnownFileType</key>
				<string>sourcecode.cpp.cpp</string>
				<key>name</key>
				<string>main.cpp</string>
				<key>path</key>
				<string>src/main.cpp</string>
				<key>sourceTree</key>
				<string>SOURCE_ROOT</string>
			</dict>
			<key>E4B69E1E0A3A1BDC003C02F2</key>
			<dict>
				<key>explicitFileType</key>
				<string>sourcecode.cpp.cpp</string>
				<key>fileEncoding</key>
				<string>30</string>
				<key>isa</key>
				<string>PBXFileReference</string>
				<key>name</key>
				<string>ofApp.cpp</string>
				<key>path</key>
				<string>src/ofApp.cpp</string>
				<key>sourceTree</key>
				<string>SOURCE_ROOT</string>
			</dict>
			<key>E4B69E1F0A3A1BDC003C02F2</key>
			<dict>
				<key>fileEncoding</key>
				<string>30</string>
				<key>isa</key>
				<string>PBXFileReference</string>
				<key>lastKnownFileType</key>
				<string>sourcecode.c.h</string>
				<key>name</key>
				<string>ofApp.h</string>
				<key>path</key>
				<string>src/ofApp.h</string>
				<key>sourceTree</key>
				<string>SOURCE_ROOT</string>
			</dict>
			<key>E4B69E200A3A1BDC003C02F2</key>
			<dict>
				<key>fileRef</key>
				<string>E4B69E1D0A3A1BDC003C02F2</string>
				<key>isa</key>
				<string>PBXBuildFile</string>
			</dict>
			<key>E4B69E210A3A1BDC003C02F2</key>
			<dict>
				<key>fileRef</key>
				<string>E4B69E1E0A3A1BDC003C02F2</string>
				<key>isa</key>
				<string>PBXBuildFile</string>
			</dict>
			<key>E4B6FCAD0C3E899E008CF71C</key>
			<dict>
				<key>fileEncoding</key>
				<string>30</string>
				<key>isa</key>
				<string>PBXFileReference</string>
				<key>lastKnownFileType</key>
				<string>text.plist.xml</string>
				<key>path</key>
				<string>openFrameworks-Info.plist</string>
				<key>sourceTree</key>
				<string>&lt;group&gt;</string>
			</dict>
			<key>E4B6FFFD0C3F9AB9008CF71C</key>
			<dict>
				<key>buildActionMask</key>
				<string>2147483647</string>
				<key>files</key>
				<array />
				<key>inputPaths</key>
				<array />
				<key>isa</key>
				<string>PBXShellScriptBuildPhase</string>
				<key>outputPaths</key>
				<array />
				<key>runOnlyForDeploymentPostprocessing</key>
				<string>0</string>
				<key>shellPath</key>
				<string>/bin/sh</string>
				<key>shellScript</key>
				<string>rsync -aved ../../../libs/fmodex/lib/osx/libfmodex.dylib "$TARGET_BUILD_DIR/$PRODUCT_NAME.app/Contents/MacOS/"; install_name_tool -change ./libfmodex.dylib @executable_path/libfmodex.dylib "$TARGET_BUILD_DIR/$PRODUCT_NAME.app/Contents/MacOS/$PRODUCT_NAME";
mkdir -p "$TARGET_BUILD_DIR/$PRODUCT_NAME.app/Contents/Resources/"
rsync -aved "$ICON_FILE" "$TARGET_BUILD_DIR/$PRODUCT_NAME.app/Contents/Resources/"
rsync -aved ../../../libs/glut/lib/osx/GLUT.framework "$TARGET_BUILD_DIR/$PRODUCT_NAME.app/Contents/Frameworks/"
</string>
			</dict>
			<key>E4C2427710CC5ABF004149E2</key>
			<dict>
				<key>buildActionMask</key>
				<string>2147483647</string>
				<key>dstPath</key>
				<string />
				<key>dstSubfolderSpec</key>
				<string>10</string>
				<key>files</key>
				<array />
				<key>isa</key>
				<string>PBXCopyFilesBuildPhase</string>
				<key>runOnlyForDeploymentPostprocessing</key>
				<string>0</string>
			</dict>
			<key>E4EB691F138AFCF100A09F29</key>
			<dict>
				<key>fileEncoding</key>
				<string>4</string>
				<key>isa</key>
				<string>PBXFileReference</string>
				<key>lastKnownFileType</key>
				<string>text.xcconfig</string>
				<key>name</key>
				<string>CoreOF.xcconfig</string>
				<key>path</key>
				<string>../../../libs/openFrameworksCompiled/project/osx/CoreOF.xcconfig</string>
				<key>sourceTree</key>
				<string>SOURCE_ROOT</string>
			</dict>
			<key>E4EB6923138AFD0F00A09F29</key>
			<dict>
				<key>fileEncoding</key>
				<string>4</string>
				<key>isa</key>
				<string>PBXFileReference</string>
				<key>lastKnownFileType</key>
				<string>text.xcconfig</string>
				<key>path</key>
				<string>Project.xcconfig</string>
				<key>sourceTree</key>
				<string>&lt;group&gt;</string>
			</dict>
			<key>E4EEB9AB138B136A00A80321</key>
			<dict>
				<key>containerPortal</key>
				<string>E4328143138ABC890047C5CB</string>
				<key>isa</key>
				<string>PBXContainerItemProxy</string>
				<key>proxyType</key>
				<string>1</string>
				<key>remoteGlobalIDString</key>
				<string>E4B27C1410CBEB8E00536013</string>
				<key>remoteInfo</key>
				<string>openFrameworks</string>
			</dict>
			<key>E4EEB9AC138B136A00A80321</key>
			<dict>
				<key>isa</key>
				<string>PBXTargetDependency</string>
				<key>name</key>
				<string>openFrameworks</string>
				<key>targetProxy</key>
				<string>E4EEB9AB138B136A00A80321</string>
			</dict>
			<key>E4EEC9E9138DF44700A80321</key>
			<dict>
				<key>children</key>
				<array>
					<string>E4EB691F138AFCF100A09F29</string>
					<string>E4328143138ABC890047C5CB</string>
				</array>
				<key>isa</key>
				<string>PBXGroup</string>
				<key>name</key>
				<string>openFrameworks</string>
				<key>sourceTree</key>
				<string>&lt;group&gt;</string>
			</dict>
		</dict>
		<key>rootObject</key>
		<string>E4B69B4C0A3A1720003C02F2</string>
	</dict>
</plist>
